// !$*UTF8*$!
{
	archiveVersion = 1;
	classes = {
	};
	objectVersion = 50;
	objects = {

/* Begin PBXBuildFile section */
		1F3180B82661267600E4C18A /* Car.swift in Sources */ = {isa = PBXBuildFile; fileRef = 1F3180B72661267600E4C18A /* Car.swift */; };
		1F32B69C2650F2730005DCDB /* SportCar.swift in Sources */ = {isa = PBXBuildFile; fileRef = 1F32B69B2650F2730005DCDB /* SportCar.swift */; };
		1F32B6A02650F2E90005DCDB /* TrunkCar.swift in Sources */ = {isa = PBXBuildFile; fileRef = 1F32B69F2650F2E90005DCDB /* TrunkCar.swift */; };
		1F32B6A42650F5A30005DCDB /* CarActions.swift in Sources */ = {isa = PBXBuildFile; fileRef = 1F32B6A32650F5A30005DCDB /* CarActions.swift */; };
		1FD03F4A263D82CD004F24F7 /* main.swift in Sources */ = {isa = PBXBuildFile; fileRef = 1FD03F49263D82CD004F24F7 /* main.swift */; };
/* End PBXBuildFile section */

/* Begin PBXCopyFilesBuildPhase section */
		1FD03F44263D82CD004F24F7 /* CopyFiles */ = {
			isa = PBXCopyFilesBuildPhase;
			buildActionMask = 2147483647;
			dstPath = /usr/share/man/man1/;
			dstSubfolderSpec = 0;
			files = (
			);
			runOnlyForDeploymentPostprocessing = 1;
		};
/* End PBXCopyFilesBuildPhase section */

/* Begin PBXFileReference section */
		1F3180B72661267600E4C18A /* Car.swift */ = {isa = PBXFileReference; lastKnownFileType = sourcecode.swift; path = Car.swift; sourceTree = "<group>"; };
		1F32B69B2650F2730005DCDB /* SportCar.swift */ = {isa = PBXFileReference; lastKnownFileType = sourcecode.swift; path = SportCar.swift; sourceTree = "<group>"; };
		1F32B69F2650F2E90005DCDB /* TrunkCar.swift */ = {isa = PBXFileReference; lastKnownFileType = sourcecode.swift; path = TrunkCar.swift; sourceTree = "<group>"; };
		1F32B6A32650F5A30005DCDB /* CarActions.swift */ = {isa = PBXFileReference; lastKnownFileType = sourcecode.swift; path = CarActions.swift; sourceTree = "<group>"; };
		1FD03F46263D82CD004F24F7 /* l1_Ruslan_Ivanykin */ = {isa = PBXFileReference; explicitFileType = "compiled.mach-o.executable"; includeInIndex = 0; path = l1_Ruslan_Ivanykin; sourceTree = BUILT_PRODUCTS_DIR; };
		1FD03F49263D82CD004F24F7 /* main.swift */ = {isa = PBXFileReference; lastKnownFileType = sourcecode.swift; path = main.swift; sourceTree = "<group>"; };
/* End PBXFileReference section */

/* Begin PBXFrameworksBuildPhase section */
		1FD03F43263D82CD004F24F7 /* Frameworks */ = {
			isa = PBXFrameworksBuildPhase;
			buildActionMask = 2147483647;
			files = (
			);
			runOnlyForDeploymentPostprocessing = 0;
		};
/* End PBXFrameworksBuildPhase section */

/* Begin PBXGroup section */
		1F32B69A2650F1E50005DCDB /* entity */ = {
			isa = PBXGroup;
			children = (
				1F32B69B2650F2730005DCDB /* SportCar.swift */,
				1F32B69F2650F2E90005DCDB /* TrunkCar.swift */,
				1F32B6A32650F5A30005DCDB /* CarActions.swift */,
				1F3180B72661267600E4C18A /* Car.swift */,
			);
			path = entity;
			sourceTree = "<group>";
		};
		1FD03F3D263D82CD004F24F7 = {
			isa = PBXGroup;
			children = (
				1FD03F48263D82CD004F24F7 /* l1_Ruslan_Ivanykin */,
				1FD03F47263D82CD004F24F7 /* Products */,
			);
			sourceTree = "<group>";
		};
		1FD03F47263D82CD004F24F7 /* Products */ = {
			isa = PBXGroup;
			children = (
				1FD03F46263D82CD004F24F7 /* l1_Ruslan_Ivanykin */,
			);
			name = Products;
			sourceTree = "<group>";
		};
		1FD03F48263D82CD004F24F7 /* l1_Ruslan_Ivanykin */ = {
			isa = PBXGroup;
			children = (
				1F32B69A2650F1E50005DCDB /* entity */,
				1FD03F49263D82CD004F24F7 /* main.swift */,
			);
			path = l1_Ruslan_Ivanykin;
			sourceTree = "<group>";
		};
/* End PBXGroup section */

/* Begin PBXNativeTarget section */
		1FD03F45263D82CD004F24F7 /* l1_Ruslan_Ivanykin */ = {
			isa = PBXNativeTarget;
			buildConfigurationList = 1FD03F4D263D82CD004F24F7 /* Build configuration list for PBXNativeTarget "l1_Ruslan_Ivanykin" */;
			buildPhases = (
				1FD03F42263D82CD004F24F7 /* Sources */,
				1FD03F43263D82CD004F24F7 /* Frameworks */,
				1FD03F44263D82CD004F24F7 /* CopyFiles */,
			);
			buildRules = (
			);
			dependencies = (
			);
			name = l1_Ruslan_Ivanykin;
			productName = l1_Ruslan_Ivanykin;
			productReference = 1FD03F46263D82CD004F24F7 /* l1_Ruslan_Ivanykin */;
			productType = "com.apple.product-type.tool";
		};
/* End PBXNativeTarget section */

/* Begin PBXProject section */
		1FD03F3E263D82CD004F24F7 /* Project object */ = {
			isa = PBXProject;
			attributes = {
				LastSwiftUpdateCheck = 1250;
				LastUpgradeCheck = 1250;
				TargetAttributes = {
					1FD03F45263D82CD004F24F7 = {
						CreatedOnToolsVersion = 12.5;
					};
				};
			};
			buildConfigurationList = 1FD03F41263D82CD004F24F7 /* Build configuration list for PBXProject "l1_Ruslan_Ivanykin" */;
			compatibilityVersion = "Xcode 9.3";
			developmentRegion = en;
			hasScannedForEncodings = 0;
			knownRegions = (
				en,
				Base,
			);
			mainGroup = 1FD03F3D263D82CD004F24F7;
			productRefGroup = 1FD03F47263D82CD004F24F7 /* Products */;
			projectDirPath = "";
			projectRoot = "";
			targets = (
				1FD03F45263D82CD004F24F7 /* l1_Ruslan_Ivanykin */,
			);
		};
/* End PBXProject section */

/* Begin PBXSourcesBuildPhase section */
		1FD03F42263D82CD004F24F7 /* Sources */ = {
			isa = PBXSourcesBuildPhase;
			buildActionMask = 2147483647;
			files = (
				1FD03F4A263D82CD004F24F7 /* main.swift in Sources */,
				1F32B69C2650F2730005DCDB /* SportCar.swift in Sources */,
				1F3180B82661267600E4C18A /* Car.swift in Sources */,
				1F32B6A42650F5A30005DCDB /* CarActions.swift in Sources */,
				1F32B6A02650F2E90005DCDB /* TrunkCar.swift in Sources */,
			);
			runOnlyForDeploymentPostprocessing = 0;
		};
/* End PBXSourcesBuildPhase section */

/* Begin XCBuildConfiguration section */
		1FD03F4B263D82CD004F24F7 /* Debug */ = {
			isa = XCBuildConfiguration;
			buildSettings = {
				ALWAYS_SEARCH_USER_PATHS = NO;
				CLANG_ANALYZER_NONNULL = YES;
				CLANG_ANALYZER_NUMBER_OBJECT_CONVERSION = YES_AGGRESSIVE;
				CLANG_CXX_LANGUAGE_STANDARD = "gnu++14";
				CLANG_CXX_LIBRARY = "libc++";
				CLANG_ENABLE_MODULES = YES;
				CLANG_ENABLE_OBJC_ARC = YES;
				CLANG_ENABLE_OBJC_WEAK = YES;
				CLANG_WARN_BLOCK_CAPTURE_AUTORELEASING = YES;
				CLANG_WARN_BOOL_CONVERSION = YES;
				CLANG_WARN_COMMA = YES;
				CLANG_WARN_CONSTANT_CONVERSION = YES;
				CLANG_WARN_DEPRECATED_OBJC_IMPLEMENTATIONS = YES;
				CLANG_WARN_DIRECT_OBJC_ISA_USAGE = YES_ERROR;
				CLANG_WARN_DOCUMENTATION_COMMENTS = YES;
				CLANG_WARN_EMPTY_BODY = YES;
				CLANG_WARN_ENUM_CONVERSION = YES;
				CLANG_WARN_INFINITE_RECURSION = YES;
				CLANG_WARN_INT_CONVERSION = YES;
				CLANG_WARN_NON_LITERAL_NULL_CONVERSION = YES;
				CLANG_WARN_OBJC_IMPLICIT_RETAIN_SELF = YES;
				CLANG_WARN_OBJC_LITERAL_CONVERSION = YES;
				CLANG_WARN_OBJC_ROOT_CLASS = YES_ERROR;
				CLANG_WARN_QUOTED_INCLUDE_IN_FRAMEWORK_HEADER = YES;
				CLANG_WARN_RANGE_LOOP_ANALYSIS = YES;
				CLANG_WARN_STRICT_PROTOTYPES = YES;
				CLANG_WARN_SUSPICIOUS_MOVE = YES;
				CLANG_WARN_UNGUARDED_AVAILABILITY = YES_AGGRESSIVE;
				CLANG_WARN_UNREACHABLE_CODE = YES;
				CLANG_WARN__DUPLICATE_METHOD_MATCH = YES;
				COPY_PHASE_STRIP = NO;
				DEBUG_INFORMATION_FORMAT = dwarf;
				ENABLE_STRICT_OBJC_MSGSEND = YES;
				ENABLE_TESTABILITY = YES;
				GCC_C_LANGUAGE_STANDARD = gnu11;
				GCC_DYNAMIC_NO_PIC = NO;
				GCC_NO_COMMON_BLOCKS = YES;
				GCC_OPTIMIZATION_LEVEL = 0;
				GCC_PREPROCESSOR_DEFINITIONS = (
					"DEBUG=1",
					"$(inherited)",
				);
				GCC_WARN_64_TO_32_BIT_CONVERSION = YES;
				GCC_WARN_ABOUT_RETURN_TYPE = YES_ERROR;
				GCC_WARN_UNDECLARED_SELECTOR = YES;
				GCC_WARN_UNINITIALIZED_AUTOS = YES_AGGRESSIVE;
				GCC_WARN_UNUSED_FUNCTION = YES;
				GCC_WARN_UNUSED_VARIABLE = YES;
				MACOSX_DEPLOYMENT_TARGET = 11.2;
				MTL_ENABLE_DEBUG_INFO = INCLUDE_SOURCE;
				MTL_FAST_MATH = YES;
				ONLY_ACTIVE_ARCH = YES;
				SDKROOT = macosx;
				SWIFT_ACTIVE_COMPILATION_CONDITIONS = DEBUG;
				SWIFT_OPTIMIZATION_LEVEL = "-Onone";
			};
			name = Debug;
		};
		1FD03F4C263D82CD004F24F7 /* Release */ = {
			isa = XCBuildConfiguration;
			buildSettings = {
				ALWAYS_SEARCH_USER_PATHS = NO;
				CLANG_ANALYZER_NONNULL = YES;
				CLANG_ANALYZER_NUMBER_OBJECT_CONVERSION = YES_AGGRESSIVE;
				CLANG_CXX_LANGUAGE_STANDARD = "gnu++14";
				CLANG_CXX_LIBRARY = "libc++";
				CLANG_ENABLE_MODULES = YES;
				CLANG_ENABLE_OBJC_ARC = YES;
				CLANG_ENABLE_OBJC_WEAK = YES;
				CLANG_WARN_BLOCK_CAPTURE_AUTORELEASING = YES;
				CLANG_WARN_BOOL_CONVERSION = YES;
				CLANG_WARN_COMMA = YES;
				CLANG_WARN_CONSTANT_CONVERSION = YES;
				CLANG_WARN_DEPRECATED_OBJC_IMPLEMENTATIONS = YES;
				CLANG_WARN_DIRECT_OBJC_ISA_USAGE = YES_ERROR;
				CLANG_WARN_DOCUMENTATION_COMMENTS = YES;
				CLANG_WARN_EMPTY_BODY = YES;
				CLANG_WARN_ENUM_CONVERSION = YES;
				CLANG_WARN_INFINITE_RECURSION = YES;
				CLANG_WARN_INT_CONVERSION = YES;
				CLANG_WARN_NON_LITERAL_NULL_CONVERSION = YES;
				CLANG_WARN_OBJC_IMPLICIT_RETAIN_SELF = YES;
				CLANG_WARN_OBJC_LITERAL_CONVERSION = YES;
				CLANG_WARN_OBJC_ROOT_CLASS = YES_ERROR;
				CLANG_WARN_QUOTED_INCLUDE_IN_FRAMEWORK_HEADER = YES;
				CLANG_WARN_RANGE_LOOP_ANALYSIS = YES;
				CLANG_WARN_STRICT_PROTOTYPES = YES;
				CLANG_WARN_SUSPICIOUS_MOVE = YES;
				CLANG_WARN_UNGUARDED_AVAILABILITY = YES_AGGRESSIVE;
				CLANG_WARN_UNREACHABLE_CODE = YES;
				CLANG_WARN__DUPLICATE_METHOD_MATCH = YES;
				COPY_PHASE_STRIP = NO;
				DEBUG_INFORMATION_FORMAT = "dwarf-with-dsym";
				ENABLE_NS_ASSERTIONS = NO;
				ENABLE_STRICT_OBJC_MSGSEND = YES;
				GCC_C_LANGUAGE_STANDARD = gnu11;
				GCC_NO_COMMON_BLOCKS = YES;
				GCC_WARN_64_TO_32_BIT_CONVERSION = YES;
				GCC_WARN_ABOUT_RETURN_TYPE = YES_ERROR;
				GCC_WARN_UNDECLARED_SELECTOR = YES;
				GCC_WARN_UNINITIALIZED_AUTOS = YES_AGGRESSIVE;
				GCC_WARN_UNUSED_FUNCTION = YES;
				GCC_WARN_UNUSED_VARIABLE = YES;
				MACOSX_DEPLOYMENT_TARGET = 11.2;
				MTL_ENABLE_DEBUG_INFO = NO;
				MTL_FAST_MATH = YES;
				SDKROOT = macosx;
				SWIFT_COMPILATION_MODE = wholemodule;
				SWIFT_OPTIMIZATION_LEVEL = "-O";
			};
			name = Release;
		};
		1FD03F4E263D82CD004F24F7 /* Debug */ = {
			isa = XCBuildConfiguration;
			buildSettings = {
				CODE_SIGN_STYLE = Automatic;
				DEVELOPMENT_TEAM = 9BG9HQ9HX5;
				ENABLE_HARDENED_RUNTIME = YES;
				PRODUCT_NAME = "$(TARGET_NAME)";
				SWIFT_VERSION = 5.0;
			};
			name = Debug;
		};
		1FD03F4F263D82CD004F24F7 /* Release */ = {
			isa = XCBuildConfiguration;
			buildSettings = {
				CODE_SIGN_STYLE = Automatic;
				DEVELOPMENT_TEAM = 9BG9HQ9HX5;
				ENABLE_HARDENED_RUNTIME = YES;
				PRODUCT_NAME = "$(TARGET_NAME)";
				SWIFT_VERSION = 5.0;
			};
			name = Release;
		};
/* End XCBuildConfiguration section */

/* Begin XCConfigurationList section */
		1FD03F41263D82CD004F24F7 /* Build configuration list for PBXProject "l1_Ruslan_Ivanykin" */ = {
			isa = XCConfigurationList;
			buildConfigurations = (
				1FD03F4B263D82CD004F24F7 /* Debug */,
				1FD03F4C263D82CD004F24F7 /* Release */,
			);
			defaultConfigurationIsVisible = 0;
			defaultConfigurationName = Release;
		};
		1FD03F4D263D82CD004F24F7 /* Build configuration list for PBXNativeTarget "l1_Ruslan_Ivanykin" */ = {
			isa = XCConfigurationList;
			buildConfigurations = (
				1FD03F4E263D82CD004F24F7 /* Debug */,
				1FD03F4F263D82CD004F24F7 /* Release */,
			);
			defaultConfigurationIsVisible = 0;
			defaultConfigurationName = Release;
		};
/* End XCConfigurationList section */
	};
	rootObject = 1FD03F3E263D82CD004F24F7 /* Project object */;
}
